
Microsoft Visual Studio Solution File, Format Version 12.00
# Visual Studio Version 16
VisualStudioVersion = 16.0.31105.61
MinimumVisualStudioVersion = 10.0.40219.1
Project("{FAE04EC0-301F-11D3-BF4B-00C04F79EFBC}") = "hw0501", "hw0501\hw0501.csproj", "{1A5CDF2D-EC9B-4D63-8F5D-D19B1DAED117}"
EndProject
Global
	GlobalSection(SolutionConfigurationPlatforms) = preSolution
		Debug|Any CPU = Debug|Any CPU
		Release|Any CPU = Release|Any CPU
	EndGlobalSection
	GlobalSection(ProjectConfigurationPlatforms) = postSolution
		{1A5CDF2D-EC9B-4D63-8F5D-D19B1DAED117}.Debug|Any CPU.ActiveCfg = Debug|Any CPU
		{1A5CDF2D-EC9B-4D63-8F5D-D19B1DAED117}.Debug|Any CPU.Build.0 = Debug|Any CPU
		{1A5CDF2D-EC9B-4D63-8F5D-D19B1DAED117}.Release|Any CPU.ActiveCfg = Release|Any CPU
		{1A5CDF2D-EC9B-4D63-8F5D-D19B1DAED117}.Release|Any CPU.Build.0 = Release|Any CPU
	EndGlobalSection
	GlobalSection(SolutionProperties) = preSolution
		HideSolutionNode = FALSE
	EndGlobalSection
	GlobalSection(ExtensibilityGlobals) = postSolution
		SolutionGuid = {E84C58E6-9D52-4E26-BC65-51FDF426A7D2}
	EndGlobalSection
EndGlobal
