
Microsoft Visual Studio Solution File, Format Version 12.00
# Visual Studio Version 16
VisualStudioVersion = 16.0.31105.61
MinimumVisualStudioVersion = 10.0.40219.1
Project("{FAE04EC0-301F-11D3-BF4B-00C04F79EFBC}") = "hw0301", "hw0301\hw0301.csproj", "{1A297E3F-29F5-426F-813E-E90A717565C1}"
EndProject
Global
	GlobalSection(SolutionConfigurationPlatforms) = preSolution
		Debug|Any CPU = Debug|Any CPU
		Release|Any CPU = Release|Any CPU
	EndGlobalSection
	GlobalSection(ProjectConfigurationPlatforms) = postSolution
		{1A297E3F-29F5-426F-813E-E90A717565C1}.Debug|Any CPU.ActiveCfg = Debug|Any CPU
		{1A297E3F-29F5-426F-813E-E90A717565C1}.Debug|Any CPU.Build.0 = Debug|Any CPU
		{1A297E3F-29F5-426F-813E-E90A717565C1}.Release|Any CPU.ActiveCfg = Release|Any CPU
		{1A297E3F-29F5-426F-813E-E90A717565C1}.Release|Any CPU.Build.0 = Release|Any CPU
	EndGlobalSection
	GlobalSection(SolutionProperties) = preSolution
		HideSolutionNode = FALSE
	EndGlobalSection
	GlobalSection(ExtensibilityGlobals) = postSolution
		SolutionGuid = {AAB7C10F-3F14-4D1A-BA40-79331F337D97}
	EndGlobalSection
EndGlobal
